
Microsoft Visual Studio Solution File, Format Version 12.00
# Visual Studio Version 16
VisualStudioVersion = 16.0.30611.23
MinimumVisualStudioVersion = 10.0.40219.1
Project("{8BC9CEB8-8B4A-11D0-8D11-00A0C91BC942}") = "lab6.2_iter", "lab6.2_iter.vcxproj", "{D7D37E9A-96CD-4E56-9AED-0BB536EFDB17}"
EndProject
Project("{8BC9CEB8-8B4A-11D0-8D11-00A0C91BC942}") = "UnitTest1", "UnitTest1\UnitTest1.vcxproj", "{6E158EED-27D2-4836-B3CB-2484D2083366}"
EndProject
Global
	GlobalSection(SolutionConfigurationPlatforms) = preSolution
		Debug|x64 = Debug|x64
		Debug|x86 = Debug|x86
		Release|x64 = Release|x64
		Release|x86 = Release|x86
	EndGlobalSection
	GlobalSection(ProjectConfigurationPlatforms) = postSolution
		{D7D37E9A-96CD-4E56-9AED-0BB536EFDB17}.Debug|x64.ActiveCfg = Debug|x64
		{D7D37E9A-96CD-4E56-9AED-0BB536EFDB17}.Debug|x64.Build.0 = Debug|x64
		{D7D37E9A-96CD-4E56-9AED-0BB536EFDB17}.Debug|x86.ActiveCfg = Debug|Win32
		{D7D37E9A-96CD-4E56-9AED-0BB536EFDB17}.Debug|x86.Build.0 = Debug|Win32
		{D7D37E9A-96CD-4E56-9AED-0BB536EFDB17}.Release|x64.ActiveCfg = Release|x64
		{D7D37E9A-96CD-4E56-9AED-0BB536EFDB17}.Release|x64.Build.0 = Release|x64
		{D7D37E9A-96CD-4E56-9AED-0BB536EFDB17}.Release|x86.ActiveCfg = Release|Win32
		{D7D37E9A-96CD-4E56-9AED-0BB536EFDB17}.Release|x86.Build.0 = Release|Win32
		{6E158EED-27D2-4836-B3CB-2484D2083366}.Debug|x64.ActiveCfg = Debug|x64
		{6E158EED-27D2-4836-B3CB-2484D2083366}.Debug|x64.Build.0 = Debug|x64
		{6E158EED-27D2-4836-B3CB-2484D2083366}.Debug|x86.ActiveCfg = Debug|Win32
		{6E158EED-27D2-4836-B3CB-2484D2083366}.Debug|x86.Build.0 = Debug|Win32
		{6E158EED-27D2-4836-B3CB-2484D2083366}.Release|x64.ActiveCfg = Release|x64
		{6E158EED-27D2-4836-B3CB-2484D2083366}.Release|x64.Build.0 = Release|x64
		{6E158EED-27D2-4836-B3CB-2484D2083366}.Release|x86.ActiveCfg = Release|Win32
		{6E158EED-27D2-4836-B3CB-2484D2083366}.Release|x86.Build.0 = Release|Win32
	EndGlobalSection
	GlobalSection(SolutionProperties) = preSolution
		HideSolutionNode = FALSE
	EndGlobalSection
	GlobalSection(ExtensibilityGlobals) = postSolution
		SolutionGuid = {47B875BA-74FA-4287-AB12-636E205AC2B6}
	EndGlobalSection
EndGlobal
